
Microsoft Visual Studio Solution File, Format Version 12.00
# Visual Studio Version 16
VisualStudioVersion = 16.0.30413.136
MinimumVisualStudioVersion = 10.0.40219.1
Project("{F184B08F-C81C-45F6-A57F-5ABD9991F28F}") = "securityProject", "securityProject.vbproj", "{E9834B71-B51C-4C21-955E-728D1B8D7CBC}"
EndProject
Global
	GlobalSection(SolutionConfigurationPlatforms) = preSolution
		Debug|Any CPU = Debug|Any CPU
		Release|Any CPU = Release|Any CPU
	EndGlobalSection
	GlobalSection(ProjectConfigurationPlatforms) = postSolution
		{E9834B71-B51C-4C21-955E-728D1B8D7CBC}.Debug|Any CPU.ActiveCfg = Debug|Any CPU
		{E9834B71-B51C-4C21-955E-728D1B8D7CBC}.Debug|Any CPU.Build.0 = Debug|Any CPU
		{E9834B71-B51C-4C21-955E-728D1B8D7CBC}.Release|Any CPU.ActiveCfg = Release|Any CPU
		{E9834B71-B51C-4C21-955E-728D1B8D7CBC}.Release|Any CPU.Build.0 = Release|Any CPU
	EndGlobalSection
	GlobalSection(SolutionProperties) = preSolution
		HideSolutionNode = FALSE
	EndGlobalSection
	GlobalSection(ExtensibilityGlobals) = postSolution
		SolutionGuid = {4D37E9EF-8EBB-4BE9-BBB8-6E74E3D1A70F}
	EndGlobalSection
EndGlobal
